{
  "version": 4,
  "terraform_version": "1.14.5",
  "serial": 88,
  "lineage": "8589165f-a1e5-7c20-de2d-9a1bd60e1818",
  "outputs": {
    "api_url": {
      "value": "https://sdpr78i5z6.execute-api.us-east-1.amazonaws.com/",
      "type": "string"
    },
    "kafka_cluster_id": {
      "value": "lkc-73y6xw",
      "type": "string"
    },
    "kafka_rest_endpoint": {
      "value": "https://pkc-oxqxx9.us-east-1.aws.confluent.cloud:443",
      "type": "string"
    },
    "ksqldb_endpoint": {
      "value": "https://pksqlc-8gq587.us-east-1.aws.confluent.cloud:443",
      "type": "string"
    },
    "lambda_function_name": {
      "value": "egg-economy-ksql",
      "type": "string"
    }
  },
  "resources": [
    {
      "mode": "data",
      "type": "aws_iam_policy_document",
      "name": "lambda_assume",
      "provider": "provider[\"registry.terraform.io/hashicorp/aws\"]",
      "instances": [
        {
          "schema_version": 0,
          "attributes": {
            "id": "2690255455",
            "json": "{\n  \"Version\": \"2012-10-17\",\n  \"Statement\": [\n    {\n      \"Effect\": \"Allow\",\n      \"Action\": \"sts:AssumeRole\",\n      \"Principal\": {\n        \"Service\": \"lambda.amazonaws.com\"\n      }\n    }\n  ]\n}",
            "minified_json": "{\"Version\":\"2012-10-17\",\"Statement\":[{\"Effect\":\"Allow\",\"Action\":\"sts:AssumeRole\",\"Principal\":{\"Service\":\"lambda.amazonaws.com\"}}]}",
            "override_json": null,
            "override_policy_documents": null,
            "policy_id": null,
            "source_json": null,
            "source_policy_documents": null,
            "statement": [
              {
                "actions": [
                  "sts:AssumeRole"
                ],
                "condition": [],
                "effect": "Allow",
                "not_actions": [],
                "not_principals": [],
                "not_resources": [],
                "principals": [
                  {
                    "identifiers": [
                      "lambda.amazonaws.com"
                    ],
                    "type": "Service"
                  }
                ],
                "resources": [],
                "sid": ""
              }
            ],
            "version": "2012-10-17"
          },
          "sensitive_attributes": [],
          "identity_schema_version": 0
        }
      ]
    },
    {
      "mode": "managed",
      "type": "aws_apigatewayv2_api",
      "name": "api",
      "provider": "provider[\"registry.terraform.io/hashicorp/aws\"]",
      "instances": [
        {
          "schema_version": 0,
          "attributes": {
            "api_endpoint": "https://sdpr78i5z6.execute-api.us-east-1.amazonaws.com",
            "api_key_selection_expression": "$request.header.x-api-key",
            "arn": "arn:aws:apigateway:us-east-1::/apis/sdpr78i5z6",
            "body": null,
            "cors_configuration": [],
            "credentials_arn": null,
            "description": "",
            "disable_execute_api_endpoint": false,
            "execution_arn": "arn:aws:execute-api:us-east-1:890764614009:sdpr78i5z6",
            "fail_on_warnings": null,
            "id": "sdpr78i5z6",
            "ip_address_type": "ipv4",
            "name": "egg-economy-ksql",
            "protocol_type": "HTTP",
            "route_key": null,
            "route_selection_expression": "$request.method $request.path",
            "tags": {},
            "tags_all": {},
            "target": null,
            "version": ""
          },
          "sensitive_attributes": [],
          "identity_schema_version": 0,
          "private": "bnVsbA=="
        }
      ]
    },
    {
      "mode": "managed",
      "type": "aws_apigatewayv2_integration",
      "name": "lambda",
      "provider": "provider[\"registry.terraform.io/hashicorp/aws\"]",
      "instances": [
        {
          "schema_version": 0,
          "attributes": {
            "api_id": "sdpr78i5z6",
            "connection_id": "",
            "connection_type": "INTERNET",
            "content_handling_strategy": "",
            "credentials_arn": "",
            "description": "",
            "id": "7b5im5l",
            "integration_method": "POST",
            "integration_response_selection_expression": "",
            "integration_subtype": "",
            "integration_type": "AWS_PROXY",
            "integration_uri": "arn:aws:apigateway:us-east-1:lambda:path/2015-03-31/functions/arn:aws:lambda:us-east-1:890764614009:function:egg-economy-ksql/invocations",
            "passthrough_behavior": "",
            "payload_format_version": "2.0",
            "request_parameters": {},
            "request_templates": {},
            "response_parameters": [],
            "template_selection_expression": "",
            "timeout_milliseconds": 30000,
            "tls_config": []
          },
          "sensitive_attributes": [],
          "identity_schema_version": 0,
          "private": "bnVsbA==",
          "dependencies": [
            "aws_apigatewayv2_api.api",
            "aws_iam_role.lambda",
            "aws_lambda_function.egg_economy",
            "confluent_api_key.admin_kafka",
            "confluent_api_key.kafka",
            "confluent_api_key.ksqldb",
            "confluent_environment.egg_economy",
            "confluent_kafka_acl.lambda_cluster_create",
            "confluent_kafka_acl.lambda_cluster_describe",
            "confluent_kafka_acl.lambda_cluster_describe_configs",
            "confluent_kafka_acl.lambda_group_describe",
            "confluent_kafka_acl.lambda_group_read",
            "confluent_kafka_acl.lambda_topic_create",
            "confluent_kafka_acl.lambda_topic_describe",
            "confluent_kafka_acl.lambda_topic_describe_configs",
            "confluent_kafka_acl.lambda_topic_read",
            "confluent_kafka_acl.lambda_topic_write",
            "confluent_kafka_acl.lambda_txn_describe",
            "confluent_kafka_acl.lambda_txn_write",
            "confluent_kafka_cluster.main",
            "confluent_ksql_cluster.main",
            "confluent_role_binding.admin_cluster",
            "confluent_service_account.admin",
            "confluent_service_account.lambda",
            "data.aws_iam_policy_document.lambda_assume"
          ]
        }
      ]
    },
    {
      "mode": "managed",
      "type": "aws_apigatewayv2_route",
      "name": "proxy",
      "provider": "provider[\"registry.terraform.io/hashicorp/aws\"]",
      "instances": [
        {
          "schema_version": 0,
          "attributes": {
            "api_id": "sdpr78i5z6",
            "api_key_required": false,
            "authorization_scopes": [],
            "authorization_type": "NONE",
            "authorizer_id": "",
            "id": "hkwhxyl",
            "model_selection_expression": "",
            "operation_name": "",
            "request_models": {},
            "request_parameter": [],
            "route_key": "ANY /{proxy+}",
            "route_response_selection_expression": "",
            "target": "integrations/7b5im5l"
          },
          "sensitive_attributes": [],
          "identity_schema_version": 0,
          "private": "bnVsbA==",
          "dependencies": [
            "aws_apigatewayv2_api.api",
            "aws_apigatewayv2_integration.lambda",
            "aws_iam_role.lambda",
            "aws_lambda_function.egg_economy",
            "confluent_api_key.admin_kafka",
            "confluent_api_key.kafka",
            "confluent_api_key.ksqldb",
            "confluent_environment.egg_economy",
            "confluent_kafka_acl.lambda_cluster_create",
            "confluent_kafka_acl.lambda_cluster_describe",
            "confluent_kafka_acl.lambda_cluster_describe_configs",
            "confluent_kafka_acl.lambda_group_describe",
            "confluent_kafka_acl.lambda_group_read",
            "confluent_kafka_acl.lambda_topic_create",
            "confluent_kafka_acl.lambda_topic_describe",
            "confluent_kafka_acl.lambda_topic_describe_configs",
            "confluent_kafka_acl.lambda_topic_read",
            "confluent_kafka_acl.lambda_topic_write",
            "confluent_kafka_acl.lambda_txn_describe",
            "confluent_kafka_acl.lambda_txn_write",
            "confluent_kafka_cluster.main",
            "confluent_ksql_cluster.main",
            "confluent_role_binding.admin_cluster",
            "confluent_service_account.admin",
            "confluent_service_account.lambda",
            "data.aws_iam_policy_document.lambda_assume"
          ]
        }
      ]
    },
    {
      "mode": "managed",
      "type": "aws_apigatewayv2_stage",
      "name": "default",
      "provider": "provider[\"registry.terraform.io/hashicorp/aws\"]",
      "instances": [
        {
          "schema_version": 0,
          "attributes": {
            "access_log_settings": [],
            "api_id": "sdpr78i5z6",
            "arn": "arn:aws:apigateway:us-east-1::/apis/sdpr78i5z6/stages/$default",
            "auto_deploy": true,
            "client_certificate_id": "",
            "default_route_settings": [
              {
                "data_trace_enabled": false,
                "detailed_metrics_enabled": false,
                "logging_level": "",
                "throttling_burst_limit": 0,
                "throttling_rate_limit": 0
              }
            ],
            "deployment_id": "g6egx2",
            "description": "",
            "execution_arn": "arn:aws:execute-api:us-east-1:890764614009:sdpr78i5z6/$default",
            "id": "$default",
            "invoke_url": "https://sdpr78i5z6.execute-api.us-east-1.amazonaws.com/",
            "name": "$default",
            "route_settings": [],
            "stage_variables": {},
            "tags": {},
            "tags_all": {}
          },
          "sensitive_attributes": [],
          "identity_schema_version": 0,
          "private": "bnVsbA==",
          "dependencies": [
            "aws_apigatewayv2_api.api"
          ]
        }
      ]
    },
    {
      "mode": "managed",
      "type": "aws_iam_role",
      "name": "lambda",
      "provider": "provider[\"registry.terraform.io/hashicorp/aws\"]",
      "instances": [
        {
          "schema_version": 0,
          "attributes": {
            "arn": "arn:aws:iam::890764614009:role/egg-economy-ksql-lambda",
            "assume_role_policy": "{\"Statement\":[{\"Action\":\"sts:AssumeRole\",\"Effect\":\"Allow\",\"Principal\":{\"Service\":\"lambda.amazonaws.com\"}}],\"Version\":\"2012-10-17\"}",
            "create_date": "2026-02-20T03:35:48Z",
            "description": "",
            "force_detach_policies": false,
            "id": "egg-economy-ksql-lambda",
            "inline_policy": [],
            "managed_policy_arns": [
              "arn:aws:iam::aws:policy/service-role/AWSLambdaBasicExecutionRole"
            ],
            "max_session_duration": 3600,
            "name": "egg-economy-ksql-lambda",
            "name_prefix": "",
            "path": "/",
            "permissions_boundary": "",
            "tags": {},
            "tags_all": {},
            "unique_id": "AROA46ZNVLF4V73HUJNFY"
          },
          "sensitive_attributes": [],
          "identity_schema_version": 0,
          "private": "bnVsbA==",
          "dependencies": [
            "data.aws_iam_policy_document.lambda_assume"
          ]
        }
      ]
    },
    {
      "mode": "managed",
      "type": "aws_iam_role_policy_attachment",
      "name": "lambda_basic",
      "provider": "provider[\"registry.terraform.io/hashicorp/aws\"]",
      "instances": [
        {
          "schema_version": 0,
          "attributes": {
            "id": "egg-economy-ksql-lambda-20260220033548592200000001",
            "policy_arn": "arn:aws:iam::aws:policy/service-role/AWSLambdaBasicExecutionRole",
            "role": "egg-economy-ksql-lambda"
          },
          "sensitive_attributes": [],
          "identity_schema_version": 0,
          "private": "bnVsbA==",
          "dependencies": [
            "aws_iam_role.lambda",
            "data.aws_iam_policy_document.lambda_assume"
          ]
        }
      ]
    },
    {
      "mode": "managed",
      "type": "aws_lambda_function",
      "name": "egg_economy",
      "provider": "provider[\"registry.terraform.io/hashicorp/aws\"]",
      "instances": [
        {
          "schema_version": 0,
          "attributes": {
            "architectures": [
              "arm64"
            ],
            "arn": "arn:aws:lambda:us-east-1:890764614009:function:egg-economy-ksql",
            "code_sha256": "tOy/GvS5hfS1BZ0pzcomAWtInH3JvLPeKHqP/IuomWI=",
            "code_signing_config_arn": "",
            "dead_letter_config": [],
            "description": "",
            "environment": [
              {
                "variables": {
                  "CONFLUENT_KAFKA_API_KEY": "4RO6KBEL6BV2AONL",
                  "CONFLUENT_KAFKA_API_SECRET": "cfltSz3vm8pEj8gx+abhAeJq/GCZ1ii2Z46/OJCgJ3gYOrxZVZStfXhZqPl7H+pw",
                  "CONFLUENT_KAFKA_CLUSTER_ID": "lkc-73y6xw",
                  "CONFLUENT_KAFKA_REST_URL": "https://pkc-oxqxx9.us-east-1.aws.confluent.cloud:443",
                  "CONFLUENT_KSQLDB_API_KEY": "75GBARE4FXXVAPQ4",
                  "CONFLUENT_KSQLDB_API_SECRET": "cfltmIxMZazrfgIvrzbl/vBLHCajmbxTvxR35XiR+7cfQyvg9sm+rKCM33iBM5Sw",
                  "CONFLUENT_KSQLDB_URL": "https://pksqlc-8gq587.us-east-1.aws.confluent.cloud:443"
                }
              }
            ],
            "ephemeral_storage": [
              {
                "size": 512
              }
            ],
            "file_system_config": [],
            "filename": "./../../../target/lambda/egg-economy-ksql/bootstrap.zip",
            "function_name": "egg-economy-ksql",
            "handler": "bootstrap",
            "id": "egg-economy-ksql",
            "image_config": [],
            "image_uri": "",
            "invoke_arn": "arn:aws:apigateway:us-east-1:lambda:path/2015-03-31/functions/arn:aws:lambda:us-east-1:890764614009:function:egg-economy-ksql/invocations",
            "kms_key_arn": "",
            "last_modified": "2026-02-20T04:30:44.000+0000",
            "layers": [],
            "logging_config": [
              {
                "application_log_level": "",
                "log_format": "Text",
                "log_group": "/aws/lambda/egg-economy-ksql",
                "system_log_level": ""
              }
            ],
            "memory_size": 512,
            "package_type": "Zip",
            "publish": false,
            "qualified_arn": "arn:aws:lambda:us-east-1:890764614009:function:egg-economy-ksql:$LATEST",
            "qualified_invoke_arn": "arn:aws:apigateway:us-east-1:lambda:path/2015-03-31/functions/arn:aws:lambda:us-east-1:890764614009:function:egg-economy-ksql:$LATEST/invocations",
            "replace_security_groups_on_destroy": null,
            "replacement_security_group_ids": null,
            "reserved_concurrent_executions": -1,
            "role": "arn:aws:iam::890764614009:role/egg-economy-ksql-lambda",
            "runtime": "provided.al2023",
            "s3_bucket": null,
            "s3_key": null,
            "s3_object_version": null,
            "signing_job_arn": "",
            "signing_profile_version_arn": "",
            "skip_destroy": false,
            "snap_start": [],
            "source_code_hash": "tOy/GvS5hfS1BZ0pzcomAWtInH3JvLPeKHqP/IuomWI=",
            "source_code_size": 5342988,
            "tags": {},
            "tags_all": {},
            "timeout": 30,
            "timeouts": null,
            "tracing_config": [
              {
                "mode": "PassThrough"
              }
            ],
            "version": "$LATEST",
            "vpc_config": []
          },
          "sensitive_attributes": [
            [
              {
                "type": "get_attr",
                "value": "environment"
              },
              {
                "type": "index",
                "value": {
                  "value": 0,
                  "type": "number"
                }
              },
              {
                "type": "get_attr",
                "value": "variables"
              },
              {
                "type": "index",
                "value": {
                  "value": "CONFLUENT_KAFKA_API_SECRET",
                  "type": "string"
                }
              }
            ],
            [
              {
                "type": "get_attr",
                "value": "environment"
              },
              {
                "type": "index",
                "value": {
                  "value": 0,
                  "type": "number"
                }
              },
              {
                "type": "get_attr",
                "value": "variables"
              },
              {
                "type": "index",
                "value": {
                  "value": "CONFLUENT_KSQLDB_API_SECRET",
                  "type": "string"
                }
              }
            ]
          ],
          "identity_schema_version": 0,
          "private": "eyJlMmJmYjczMC1lY2FhLTExZTYtOGY4OC0zNDM2M2JjN2M0YzAiOnsiY3JlYXRlIjo2MDAwMDAwMDAwMDAsImRlbGV0ZSI6NjAwMDAwMDAwMDAwLCJ1cGRhdGUiOjYwMDAwMDAwMDAwMH19",
          "dependencies": [
            "aws_iam_role.lambda",
            "confluent_api_key.admin_kafka",
            "confluent_api_key.kafka",
            "confluent_api_key.ksqldb",
            "confluent_environment.egg_economy",
            "confluent_kafka_acl.lambda_cluster_create",
            "confluent_kafka_acl.lambda_cluster_describe",
            "confluent_kafka_acl.lambda_cluster_describe_configs",
            "confluent_kafka_acl.lambda_group_describe",
            "confluent_kafka_acl.lambda_group_read",
            "confluent_kafka_acl.lambda_topic_create",
            "confluent_kafka_acl.lambda_topic_describe",
            "confluent_kafka_acl.lambda_topic_describe_configs",
            "confluent_kafka_acl.lambda_topic_read",
            "confluent_kafka_acl.lambda_topic_write",
            "confluent_kafka_acl.lambda_txn_describe",
            "confluent_kafka_acl.lambda_txn_write",
            "confluent_kafka_cluster.main",
            "confluent_ksql_cluster.main",
            "confluent_role_binding.admin_cluster",
            "confluent_service_account.admin",
            "confluent_service_account.lambda",
            "data.aws_iam_policy_document.lambda_assume"
          ]
        }
      ]
    },
    {
      "mode": "managed",
      "type": "aws_lambda_permission",
      "name": "apigw",
      "provider": "provider[\"registry.terraform.io/hashicorp/aws\"]",
      "instances": [
        {
          "schema_version": 0,
          "attributes": {
            "action": "lambda:InvokeFunction",
            "event_source_token": null,
            "function_name": "egg-economy-ksql",
            "function_url_auth_type": null,
            "id": "AllowAPIGatewayInvoke",
            "principal": "apigateway.amazonaws.com",
            "principal_org_id": null,
            "qualifier": "",
            "source_account": null,
            "source_arn": "arn:aws:execute-api:us-east-1:890764614009:sdpr78i5z6/*/*",
            "statement_id": "AllowAPIGatewayInvoke",
            "statement_id_prefix": ""
          },
          "sensitive_attributes": [],
          "identity_schema_version": 0,
          "private": "bnVsbA==",
          "dependencies": [
            "aws_apigatewayv2_api.api",
            "aws_iam_role.lambda",
            "aws_lambda_function.egg_economy",
            "confluent_api_key.admin_kafka",
            "confluent_api_key.kafka",
            "confluent_api_key.ksqldb",
            "confluent_environment.egg_economy",
            "confluent_kafka_acl.lambda_cluster_create",
            "confluent_kafka_acl.lambda_cluster_describe",
            "confluent_kafka_acl.lambda_cluster_describe_configs",
            "confluent_kafka_acl.lambda_group_describe",
            "confluent_kafka_acl.lambda_group_read",
            "confluent_kafka_acl.lambda_topic_create",
            "confluent_kafka_acl.lambda_topic_describe",
            "confluent_kafka_acl.lambda_topic_describe_configs",
            "confluent_kafka_acl.lambda_topic_read",
            "confluent_kafka_acl.lambda_topic_write",
            "confluent_kafka_acl.lambda_txn_describe",
            "confluent_kafka_acl.lambda_txn_write",
            "confluent_kafka_cluster.main",
            "confluent_ksql_cluster.main",
            "confluent_role_binding.admin_cluster",
            "confluent_service_account.admin",
            "confluent_service_account.lambda",
            "data.aws_iam_policy_document.lambda_assume"
          ]
        }
      ]
    },
    {
      "mode": "managed",
      "type": "confluent_api_key",
      "name": "admin_kafka",
      "provider": "provider[\"registry.terraform.io/confluentinc/confluent\"]",
      "instances": [
        {
          "schema_version": 0,
          "attributes": {
            "description": "Admin Kafka API key for Terraform",
            "disable_wait_for_ready": false,
            "display_name": "egg-economy-admin-kafka",
            "id": "TLLAANYUNRWA6CKJ",
            "managed_resource": [
              {
                "api_version": "cmk/v2",
                "environment": [
                  {
                    "id": "env-m6g83x"
                  }
                ],
                "id": "lkc-73y6xw",
                "kind": "Cluster"
              }
            ],
            "owner": [
              {
                "api_version": "iam/v2",
                "id": "sa-0x2vnn2",
                "kind": "ServiceAccount"
              }
            ],
            "secret": "cfltC6dPymcfZVUBhkzuJNuSXpFvfdS05IJE+IeyN2fIXg1m7ueMwt1NjRLKiz5A"
          },
          "sensitive_attributes": [
            [
              {
                "type": "get_attr",
                "value": "secret"
              }
            ]
          ],
          "identity_schema_version": 0,
          "private": "bnVsbA==",
          "dependencies": [
            "confluent_environment.egg_economy",
            "confluent_kafka_cluster.main",
            "confluent_role_binding.admin_cluster",
            "confluent_service_account.admin"
          ]
        }
      ]
    },
    {
      "mode": "managed",
      "type": "confluent_api_key",
      "name": "kafka",
      "provider": "provider[\"registry.terraform.io/confluentinc/confluent\"]",
      "instances": [
        {
          "schema_version": 0,
          "attributes": {
            "description": "Kafka API key for Lambda",
            "disable_wait_for_ready": false,
            "display_name": "egg-economy-lambda-kafka",
            "id": "4RO6KBEL6BV2AONL",
            "managed_resource": [
              {
                "api_version": "cmk/v2",
                "environment": [
                  {
                    "id": "env-m6g83x"
                  }
                ],
                "id": "lkc-73y6xw",
                "kind": "Cluster"
              }
            ],
            "owner": [
              {
                "api_version": "iam/v2",
                "id": "sa-gqr8zo1",
                "kind": "ServiceAccount"
              }
            ],
            "secret": "cfltSz3vm8pEj8gx+abhAeJq/GCZ1ii2Z46/OJCgJ3gYOrxZVZStfXhZqPl7H+pw"
          },
          "sensitive_attributes": [
            [
              {
                "type": "get_attr",
                "value": "secret"
              }
            ]
          ],
          "identity_schema_version": 0,
          "private": "bnVsbA==",
          "dependencies": [
            "confluent_environment.egg_economy",
            "confluent_kafka_cluster.main",
            "confluent_service_account.lambda"
          ]
        }
      ]
    },
    {
      "mode": "managed",
      "type": "confluent_api_key",
      "name": "ksqldb",
      "provider": "provider[\"registry.terraform.io/confluentinc/confluent\"]",
      "instances": [
        {
          "schema_version": 0,
          "attributes": {
            "description": "ksqlDB API key for Lambda",
            "disable_wait_for_ready": false,
            "display_name": "egg-economy-lambda-ksqldb",
            "id": "75GBARE4FXXVAPQ4",
            "managed_resource": [
              {
                "api_version": "ksqldbcm/v2",
                "environment": [
                  {
                    "id": "env-m6g83x"
                  }
                ],
                "id": "lksqlc-x1qqk1",
                "kind": "Cluster"
              }
            ],
            "owner": [
              {
                "api_version": "iam/v2",
                "id": "sa-gqr8zo1",
                "kind": "ServiceAccount"
              }
            ],
            "secret": "cfltmIxMZazrfgIvrzbl/vBLHCajmbxTvxR35XiR+7cfQyvg9sm+rKCM33iBM5Sw"
          },
          "sensitive_attributes": [
            [
              {
                "type": "get_attr",
                "value": "secret"
              }
            ]
          ],
          "identity_schema_version": 0,
          "private": "bnVsbA==",
          "dependencies": [
            "confluent_api_key.admin_kafka",
            "confluent_environment.egg_economy",
            "confluent_kafka_acl.lambda_cluster_create",
            "confluent_kafka_acl.lambda_cluster_describe",
            "confluent_kafka_acl.lambda_cluster_describe_configs",
            "confluent_kafka_acl.lambda_group_describe",
            "confluent_kafka_acl.lambda_group_read",
            "confluent_kafka_acl.lambda_topic_create",
            "confluent_kafka_acl.lambda_topic_describe",
            "confluent_kafka_acl.lambda_topic_describe_configs",
            "confluent_kafka_acl.lambda_topic_read",
            "confluent_kafka_acl.lambda_topic_write",
            "confluent_kafka_acl.lambda_txn_describe",
            "confluent_kafka_acl.lambda_txn_write",
            "confluent_kafka_cluster.main",
            "confluent_ksql_cluster.main",
            "confluent_role_binding.admin_cluster",
            "confluent_service_account.admin",
            "confluent_service_account.lambda"
          ]
        }
      ]
    },
    {
      "mode": "managed",
      "type": "confluent_environment",
      "name": "egg_economy",
      "provider": "provider[\"registry.terraform.io/confluentinc/confluent\"]",
      "instances": [
        {
          "schema_version": 0,
          "attributes": {
            "display_name": "egg-economy",
            "id": "env-m6g83x",
            "resource_name": "crn://confluent.cloud/organization=b5c46d0b-84d0-45c0-9037-992167e45630/environment=env-m6g83x",
            "stream_governance": [
              {
                "package": "ESSENTIALS"
              }
            ]
          },
          "sensitive_attributes": [],
          "identity_schema_version": 0,
          "private": "bnVsbA=="
        }
      ]
    },
    {
      "mode": "managed",
      "type": "confluent_kafka_acl",
      "name": "lambda_cluster_create",
      "provider": "provider[\"registry.terraform.io/confluentinc/confluent\"]",
      "instances": [
        {
          "schema_version": 2,
          "attributes": {
            "credentials": [
              {
                "key": "TLLAANYUNRWA6CKJ",
                "secret": "cfltC6dPymcfZVUBhkzuJNuSXpFvfdS05IJE+IeyN2fIXg1m7ueMwt1NjRLKiz5A"
              }
            ],
            "host": "*",
            "id": "lkc-73y6xw/CLUSTER#kafka-cluster#LITERAL#User:sa-gqr8zo1#*#CREATE#ALLOW",
            "kafka_cluster": [
              {
                "id": "lkc-73y6xw"
              }
            ],
            "operation": "CREATE",
            "pattern_type": "LITERAL",
            "permission": "ALLOW",
            "principal": "User:sa-gqr8zo1",
            "resource_name": "kafka-cluster",
            "resource_type": "CLUSTER",
            "rest_endpoint": "https://pkc-oxqxx9.us-east-1.aws.confluent.cloud:443"
          },
          "sensitive_attributes": [
            [
              {
                "type": "get_attr",
                "value": "credentials"
              },
              {
                "type": "index",
                "value": {
                  "value": 0,
                  "type": "number"
                }
              },
              {
                "type": "get_attr",
                "value": "key"
              }
            ],
            [
              {
                "type": "get_attr",
                "value": "credentials"
              },
              {
                "type": "index",
                "value": {
                  "value": 0,
                  "type": "number"
                }
              },
              {
                "type": "get_attr",
                "value": "secret"
              }
            ]
          ],
          "identity_schema_version": 0,
          "private": "eyJzY2hlbWFfdmVyc2lvbiI6IjIifQ==",
          "dependencies": [
            "confluent_api_key.admin_kafka",
            "confluent_environment.egg_economy",
            "confluent_kafka_cluster.main",
            "confluent_role_binding.admin_cluster",
            "confluent_service_account.admin",
            "confluent_service_account.lambda"
          ]
        }
      ]
    },
    {
      "mode": "managed",
      "type": "confluent_kafka_acl",
      "name": "lambda_cluster_describe",
      "provider": "provider[\"registry.terraform.io/confluentinc/confluent\"]",
      "instances": [
        {
          "schema_version": 2,
          "attributes": {
            "credentials": [
              {
                "key": "TLLAANYUNRWA6CKJ",
                "secret": "cfltC6dPymcfZVUBhkzuJNuSXpFvfdS05IJE+IeyN2fIXg1m7ueMwt1NjRLKiz5A"
              }
            ],
            "host": "*",
            "id": "lkc-73y6xw/CLUSTER#kafka-cluster#LITERAL#User:sa-gqr8zo1#*#DESCRIBE#ALLOW",
            "kafka_cluster": [
              {
                "id": "lkc-73y6xw"
              }
            ],
            "operation": "DESCRIBE",
            "pattern_type": "LITERAL",
            "permission": "ALLOW",
            "principal": "User:sa-gqr8zo1",
            "resource_name": "kafka-cluster",
            "resource_type": "CLUSTER",
            "rest_endpoint": "https://pkc-oxqxx9.us-east-1.aws.confluent.cloud:443"
          },
          "sensitive_attributes": [
            [
              {
                "type": "get_attr",
                "value": "credentials"
              },
              {
                "type": "index",
                "value": {
                  "value": 0,
                  "type": "number"
                }
              },
              {
                "type": "get_attr",
                "value": "key"
              }
            ],
            [
              {
                "type": "get_attr",
                "value": "credentials"
              },
              {
                "type": "index",
                "value": {
                  "value": 0,
                  "type": "number"
                }
              },
              {
                "type": "get_attr",
                "value": "secret"
              }
            ]
          ],
          "identity_schema_version": 0,
          "private": "eyJzY2hlbWFfdmVyc2lvbiI6IjIifQ==",
          "dependencies": [
            "confluent_api_key.admin_kafka",
            "confluent_environment.egg_economy",
            "confluent_kafka_cluster.main",
            "confluent_role_binding.admin_cluster",
            "confluent_service_account.admin",
            "confluent_service_account.lambda"
          ]
        }
      ]
    },
    {
      "mode": "managed",
      "type": "confluent_kafka_acl",
      "name": "lambda_cluster_describe_configs",
      "provider": "provider[\"registry.terraform.io/confluentinc/confluent\"]",
      "instances": [
        {
          "schema_version": 2,
          "attributes": {
            "credentials": [
              {
                "key": "TLLAANYUNRWA6CKJ",
                "secret": "cfltC6dPymcfZVUBhkzuJNuSXpFvfdS05IJE+IeyN2fIXg1m7ueMwt1NjRLKiz5A"
              }
            ],
            "host": "*",
            "id": "lkc-73y6xw/CLUSTER#kafka-cluster#LITERAL#User:sa-gqr8zo1#*#DESCRIBE_CONFIGS#ALLOW",
            "kafka_cluster": [
              {
                "id": "lkc-73y6xw"
              }
            ],
            "operation": "DESCRIBE_CONFIGS",
            "pattern_type": "LITERAL",
            "permission": "ALLOW",
            "principal": "User:sa-gqr8zo1",
            "resource_name": "kafka-cluster",
            "resource_type": "CLUSTER",
            "rest_endpoint": "https://pkc-oxqxx9.us-east-1.aws.confluent.cloud:443"
          },
          "sensitive_attributes": [
            [
              {
                "type": "get_attr",
                "value": "credentials"
              },
              {
                "type": "index",
                "value": {
                  "value": 0,
                  "type": "number"
                }
              },
              {
                "type": "get_attr",
                "value": "key"
              }
            ],
            [
              {
                "type": "get_attr",
                "value": "credentials"
              },
              {
                "type": "index",
                "value": {
                  "value": 0,
                  "type": "number"
                }
              },
              {
                "type": "get_attr",
                "value": "secret"
              }
            ]
          ],
          "identity_schema_version": 0,
          "private": "eyJzY2hlbWFfdmVyc2lvbiI6IjIifQ==",
          "dependencies": [
            "confluent_api_key.admin_kafka",
            "confluent_environment.egg_economy",
            "confluent_kafka_cluster.main",
            "confluent_role_binding.admin_cluster",
            "confluent_service_account.admin",
            "confluent_service_account.lambda"
          ]
        }
      ]
    },
    {
      "mode": "managed",
      "type": "confluent_kafka_acl",
      "name": "lambda_group_all_describe",
      "provider": "provider[\"registry.terraform.io/confluentinc/confluent\"]",
      "instances": [
        {
          "schema_version": 2,
          "attributes": {
            "credentials": [
              {
                "key": "TLLAANYUNRWA6CKJ",
                "secret": "cfltC6dPymcfZVUBhkzuJNuSXpFvfdS05IJE+IeyN2fIXg1m7ueMwt1NjRLKiz5A"
              }
            ],
            "host": "*",
            "id": "lkc-73y6xw/GROUP#*#LITERAL#User:sa-gqr8zo1#*#DESCRIBE#ALLOW",
            "kafka_cluster": [
              {
                "id": "lkc-73y6xw"
              }
            ],
            "operation": "DESCRIBE",
            "pattern_type": "LITERAL",
            "permission": "ALLOW",
            "principal": "User:sa-gqr8zo1",
            "resource_name": "*",
            "resource_type": "GROUP",
            "rest_endpoint": "https://pkc-oxqxx9.us-east-1.aws.confluent.cloud:443"
          },
          "sensitive_attributes": [
            [
              {
                "type": "get_attr",
                "value": "credentials"
              },
              {
                "type": "index",
                "value": {
                  "value": 0,
                  "type": "number"
                }
              },
              {
                "type": "get_attr",
                "value": "key"
              }
            ],
            [
              {
                "type": "get_attr",
                "value": "credentials"
              },
              {
                "type": "index",
                "value": {
                  "value": 0,
                  "type": "number"
                }
              },
              {
                "type": "get_attr",
                "value": "secret"
              }
            ]
          ],
          "identity_schema_version": 0,
          "private": "eyJzY2hlbWFfdmVyc2lvbiI6IjIifQ==",
          "dependencies": [
            "confluent_api_key.admin_kafka",
            "confluent_environment.egg_economy",
            "confluent_kafka_cluster.main",
            "confluent_role_binding.admin_cluster",
            "confluent_service_account.admin",
            "confluent_service_account.lambda"
          ]
        }
      ]
    },
    {
      "mode": "managed",
      "type": "confluent_kafka_acl",
      "name": "lambda_group_all_read",
      "provider": "provider[\"registry.terraform.io/confluentinc/confluent\"]",
      "instances": [
        {
          "schema_version": 2,
          "attributes": {
            "credentials": [
              {
                "key": "TLLAANYUNRWA6CKJ",
                "secret": "cfltC6dPymcfZVUBhkzuJNuSXpFvfdS05IJE+IeyN2fIXg1m7ueMwt1NjRLKiz5A"
              }
            ],
            "host": "*",
            "id": "lkc-73y6xw/GROUP#*#LITERAL#User:sa-gqr8zo1#*#READ#ALLOW",
            "kafka_cluster": [
              {
                "id": "lkc-73y6xw"
              }
            ],
            "operation": "READ",
            "pattern_type": "LITERAL",
            "permission": "ALLOW",
            "principal": "User:sa-gqr8zo1",
            "resource_name": "*",
            "resource_type": "GROUP",
            "rest_endpoint": "https://pkc-oxqxx9.us-east-1.aws.confluent.cloud:443"
          },
          "sensitive_attributes": [
            [
              {
                "type": "get_attr",
                "value": "credentials"
              },
              {
                "type": "index",
                "value": {
                  "value": 0,
                  "type": "number"
                }
              },
              {
                "type": "get_attr",
                "value": "key"
              }
            ],
            [
              {
                "type": "get_attr",
                "value": "credentials"
              },
              {
                "type": "index",
                "value": {
                  "value": 0,
                  "type": "number"
                }
              },
              {
                "type": "get_attr",
                "value": "secret"
              }
            ]
          ],
          "identity_schema_version": 0,
          "private": "eyJzY2hlbWFfdmVyc2lvbiI6IjIifQ==",
          "dependencies": [
            "confluent_api_key.admin_kafka",
            "confluent_environment.egg_economy",
            "confluent_kafka_cluster.main",
            "confluent_role_binding.admin_cluster",
            "confluent_service_account.admin",
            "confluent_service_account.lambda"
          ]
        }
      ]
    },
    {
      "mode": "managed",
      "type": "confluent_kafka_acl",
      "name": "lambda_group_describe",
      "provider": "provider[\"registry.terraform.io/confluentinc/confluent\"]",
      "instances": [
        {
          "schema_version": 2,
          "attributes": {
            "credentials": [
              {
                "key": "TLLAANYUNRWA6CKJ",
                "secret": "cfltC6dPymcfZVUBhkzuJNuSXpFvfdS05IJE+IeyN2fIXg1m7ueMwt1NjRLKiz5A"
              }
            ],
            "host": "*",
            "id": "lkc-73y6xw/GROUP#_confluent-ksql-#PREFIXED#User:sa-gqr8zo1#*#DESCRIBE#ALLOW",
            "kafka_cluster": [
              {
                "id": "lkc-73y6xw"
              }
            ],
            "operation": "DESCRIBE",
            "pattern_type": "PREFIXED",
            "permission": "ALLOW",
            "principal": "User:sa-gqr8zo1",
            "resource_name": "_confluent-ksql-",
            "resource_type": "GROUP",
            "rest_endpoint": "https://pkc-oxqxx9.us-east-1.aws.confluent.cloud:443"
          },
          "sensitive_attributes": [
            [
              {
                "type": "get_attr",
                "value": "credentials"
              },
              {
                "type": "index",
                "value": {
                  "value": 0,
                  "type": "number"
                }
              },
              {
                "type": "get_attr",
                "value": "key"
              }
            ],
            [
              {
                "type": "get_attr",
                "value": "credentials"
              },
              {
                "type": "index",
                "value": {
                  "value": 0,
                  "type": "number"
                }
              },
              {
                "type": "get_attr",
                "value": "secret"
              }
            ]
          ],
          "identity_schema_version": 0,
          "private": "eyJzY2hlbWFfdmVyc2lvbiI6IjIifQ==",
          "dependencies": [
            "confluent_api_key.admin_kafka",
            "confluent_environment.egg_economy",
            "confluent_kafka_cluster.main",
            "confluent_role_binding.admin_cluster",
            "confluent_service_account.admin",
            "confluent_service_account.lambda"
          ]
        }
      ]
    },
    {
      "mode": "managed",
      "type": "confluent_kafka_acl",
      "name": "lambda_group_read",
      "provider": "provider[\"registry.terraform.io/confluentinc/confluent\"]",
      "instances": [
        {
          "schema_version": 2,
          "attributes": {
            "credentials": [
              {
                "key": "TLLAANYUNRWA6CKJ",
                "secret": "cfltC6dPymcfZVUBhkzuJNuSXpFvfdS05IJE+IeyN2fIXg1m7ueMwt1NjRLKiz5A"
              }
            ],
            "host": "*",
            "id": "lkc-73y6xw/GROUP#_confluent-ksql-#PREFIXED#User:sa-gqr8zo1#*#READ#ALLOW",
            "kafka_cluster": [
              {
                "id": "lkc-73y6xw"
              }
            ],
            "operation": "READ",
            "pattern_type": "PREFIXED",
            "permission": "ALLOW",
            "principal": "User:sa-gqr8zo1",
            "resource_name": "_confluent-ksql-",
            "resource_type": "GROUP",
            "rest_endpoint": "https://pkc-oxqxx9.us-east-1.aws.confluent.cloud:443"
          },
          "sensitive_attributes": [
            [
              {
                "type": "get_attr",
                "value": "credentials"
              },
              {
                "type": "index",
                "value": {
                  "value": 0,
                  "type": "number"
                }
              },
              {
                "type": "get_attr",
                "value": "key"
              }
            ],
            [
              {
                "type": "get_attr",
                "value": "credentials"
              },
              {
                "type": "index",
                "value": {
                  "value": 0,
                  "type": "number"
                }
              },
              {
                "type": "get_attr",
                "value": "secret"
              }
            ]
          ],
          "identity_schema_version": 0,
          "private": "eyJzY2hlbWFfdmVyc2lvbiI6IjIifQ==",
          "dependencies": [
            "confluent_api_key.admin_kafka",
            "confluent_environment.egg_economy",
            "confluent_kafka_cluster.main",
            "confluent_role_binding.admin_cluster",
            "confluent_service_account.admin",
            "confluent_service_account.lambda"
          ]
        }
      ]
    },
    {
      "mode": "managed",
      "type": "confluent_kafka_acl",
      "name": "lambda_topic_alter",
      "provider": "provider[\"registry.terraform.io/confluentinc/confluent\"]",
      "instances": [
        {
          "schema_version": 2,
          "attributes": {
            "credentials": [
              {
                "key": "TLLAANYUNRWA6CKJ",
                "secret": "cfltC6dPymcfZVUBhkzuJNuSXpFvfdS05IJE+IeyN2fIXg1m7ueMwt1NjRLKiz5A"
              }
            ],
            "host": "*",
            "id": "lkc-73y6xw/TOPIC#*#LITERAL#User:sa-gqr8zo1#*#ALTER#ALLOW",
            "kafka_cluster": [
              {
                "id": "lkc-73y6xw"
              }
            ],
            "operation": "ALTER",
            "pattern_type": "LITERAL",
            "permission": "ALLOW",
            "principal": "User:sa-gqr8zo1",
            "resource_name": "*",
            "resource_type": "TOPIC",
            "rest_endpoint": "https://pkc-oxqxx9.us-east-1.aws.confluent.cloud:443"
          },
          "sensitive_attributes": [
            [
              {
                "type": "get_attr",
                "value": "credentials"
              },
              {
                "type": "index",
                "value": {
                  "value": 0,
                  "type": "number"
                }
              },
              {
                "type": "get_attr",
                "value": "key"
              }
            ],
            [
              {
                "type": "get_attr",
                "value": "credentials"
              },
              {
                "type": "index",
                "value": {
                  "value": 0,
                  "type": "number"
                }
              },
              {
                "type": "get_attr",
                "value": "secret"
              }
            ]
          ],
          "identity_schema_version": 0,
          "private": "eyJzY2hlbWFfdmVyc2lvbiI6IjIifQ==",
          "dependencies": [
            "confluent_api_key.admin_kafka",
            "confluent_environment.egg_economy",
            "confluent_kafka_cluster.main",
            "confluent_role_binding.admin_cluster",
            "confluent_service_account.admin",
            "confluent_service_account.lambda"
          ]
        }
      ]
    },
    {
      "mode": "managed",
      "type": "confluent_kafka_acl",
      "name": "lambda_topic_alter_configs",
      "provider": "provider[\"registry.terraform.io/confluentinc/confluent\"]",
      "instances": [
        {
          "schema_version": 2,
          "attributes": {
            "credentials": [
              {
                "key": "TLLAANYUNRWA6CKJ",
                "secret": "cfltC6dPymcfZVUBhkzuJNuSXpFvfdS05IJE+IeyN2fIXg1m7ueMwt1NjRLKiz5A"
              }
            ],
            "host": "*",
            "id": "lkc-73y6xw/TOPIC#*#LITERAL#User:sa-gqr8zo1#*#ALTER_CONFIGS#ALLOW",
            "kafka_cluster": [
              {
                "id": "lkc-73y6xw"
              }
            ],
            "operation": "ALTER_CONFIGS",
            "pattern_type": "LITERAL",
            "permission": "ALLOW",
            "principal": "User:sa-gqr8zo1",
            "resource_name": "*",
            "resource_type": "TOPIC",
            "rest_endpoint": "https://pkc-oxqxx9.us-east-1.aws.confluent.cloud:443"
          },
          "sensitive_attributes": [
            [
              {
                "type": "get_attr",
                "value": "credentials"
              },
              {
                "type": "index",
                "value": {
                  "value": 0,
                  "type": "number"
                }
              },
              {
                "type": "get_attr",
                "value": "key"
              }
            ],
            [
              {
                "type": "get_attr",
                "value": "credentials"
              },
              {
                "type": "index",
                "value": {
                  "value": 0,
                  "type": "number"
                }
              },
              {
                "type": "get_attr",
                "value": "secret"
              }
            ]
          ],
          "identity_schema_version": 0,
          "private": "eyJzY2hlbWFfdmVyc2lvbiI6IjIifQ==",
          "dependencies": [
            "confluent_api_key.admin_kafka",
            "confluent_environment.egg_economy",
            "confluent_kafka_cluster.main",
            "confluent_role_binding.admin_cluster",
            "confluent_service_account.admin",
            "confluent_service_account.lambda"
          ]
        }
      ]
    },
    {
      "mode": "managed",
      "type": "confluent_kafka_acl",
      "name": "lambda_topic_create",
      "provider": "provider[\"registry.terraform.io/confluentinc/confluent\"]",
      "instances": [
        {
          "schema_version": 2,
          "attributes": {
            "credentials": [
              {
                "key": "TLLAANYUNRWA6CKJ",
                "secret": "cfltC6dPymcfZVUBhkzuJNuSXpFvfdS05IJE+IeyN2fIXg1m7ueMwt1NjRLKiz5A"
              }
            ],
            "host": "*",
            "id": "lkc-73y6xw/TOPIC#*#LITERAL#User:sa-gqr8zo1#*#CREATE#ALLOW",
            "kafka_cluster": [
              {
                "id": "lkc-73y6xw"
              }
            ],
            "operation": "CREATE",
            "pattern_type": "LITERAL",
            "permission": "ALLOW",
            "principal": "User:sa-gqr8zo1",
            "resource_name": "*",
            "resource_type": "TOPIC",
            "rest_endpoint": "https://pkc-oxqxx9.us-east-1.aws.confluent.cloud:443"
          },
          "sensitive_attributes": [
            [
              {
                "type": "get_attr",
                "value": "credentials"
              },
              {
                "type": "index",
                "value": {
                  "value": 0,
                  "type": "number"
                }
              },
              {
                "type": "get_attr",
                "value": "key"
              }
            ],
            [
              {
                "type": "get_attr",
                "value": "credentials"
              },
              {
                "type": "index",
                "value": {
                  "value": 0,
                  "type": "number"
                }
              },
              {
                "type": "get_attr",
                "value": "secret"
              }
            ]
          ],
          "identity_schema_version": 0,
          "private": "eyJzY2hlbWFfdmVyc2lvbiI6IjIifQ==",
          "dependencies": [
            "confluent_api_key.admin_kafka",
            "confluent_environment.egg_economy",
            "confluent_kafka_cluster.main",
            "confluent_role_binding.admin_cluster",
            "confluent_service_account.admin",
            "confluent_service_account.lambda"
          ]
        }
      ]
    },
    {
      "mode": "managed",
      "type": "confluent_kafka_acl",
      "name": "lambda_topic_delete",
      "provider": "provider[\"registry.terraform.io/confluentinc/confluent\"]",
      "instances": [
        {
          "schema_version": 2,
          "attributes": {
            "credentials": [
              {
                "key": "TLLAANYUNRWA6CKJ",
                "secret": "cfltC6dPymcfZVUBhkzuJNuSXpFvfdS05IJE+IeyN2fIXg1m7ueMwt1NjRLKiz5A"
              }
            ],
            "host": "*",
            "id": "lkc-73y6xw/TOPIC#*#LITERAL#User:sa-gqr8zo1#*#DELETE#ALLOW",
            "kafka_cluster": [
              {
                "id": "lkc-73y6xw"
              }
            ],
            "operation": "DELETE",
            "pattern_type": "LITERAL",
            "permission": "ALLOW",
            "principal": "User:sa-gqr8zo1",
            "resource_name": "*",
            "resource_type": "TOPIC",
            "rest_endpoint": "https://pkc-oxqxx9.us-east-1.aws.confluent.cloud:443"
          },
          "sensitive_attributes": [
            [
              {
                "type": "get_attr",
                "value": "credentials"
              },
              {
                "type": "index",
                "value": {
                  "value": 0,
                  "type": "number"
                }
              },
              {
                "type": "get_attr",
                "value": "key"
              }
            ],
            [
              {
                "type": "get_attr",
                "value": "credentials"
              },
              {
                "type": "index",
                "value": {
                  "value": 0,
                  "type": "number"
                }
              },
              {
                "type": "get_attr",
                "value": "secret"
              }
            ]
          ],
          "identity_schema_version": 0,
          "private": "eyJzY2hlbWFfdmVyc2lvbiI6IjIifQ==",
          "dependencies": [
            "confluent_api_key.admin_kafka",
            "confluent_environment.egg_economy",
            "confluent_kafka_cluster.main",
            "confluent_role_binding.admin_cluster",
            "confluent_service_account.admin",
            "confluent_service_account.lambda"
          ]
        }
      ]
    },
    {
      "mode": "managed",
      "type": "confluent_kafka_acl",
      "name": "lambda_topic_describe",
      "provider": "provider[\"registry.terraform.io/confluentinc/confluent\"]",
      "instances": [
        {
          "schema_version": 2,
          "attributes": {
            "credentials": [
              {
                "key": "TLLAANYUNRWA6CKJ",
                "secret": "cfltC6dPymcfZVUBhkzuJNuSXpFvfdS05IJE+IeyN2fIXg1m7ueMwt1NjRLKiz5A"
              }
            ],
            "host": "*",
            "id": "lkc-73y6xw/TOPIC#*#LITERAL#User:sa-gqr8zo1#*#DESCRIBE#ALLOW",
            "kafka_cluster": [
              {
                "id": "lkc-73y6xw"
              }
            ],
            "operation": "DESCRIBE",
            "pattern_type": "LITERAL",
            "permission": "ALLOW",
            "principal": "User:sa-gqr8zo1",
            "resource_name": "*",
            "resource_type": "TOPIC",
            "rest_endpoint": "https://pkc-oxqxx9.us-east-1.aws.confluent.cloud:443"
          },
          "sensitive_attributes": [
            [
              {
                "type": "get_attr",
                "value": "credentials"
              },
              {
                "type": "index",
                "value": {
                  "value": 0,
                  "type": "number"
                }
              },
              {
                "type": "get_attr",
                "value": "key"
              }
            ],
            [
              {
                "type": "get_attr",
                "value": "credentials"
              },
              {
                "type": "index",
                "value": {
                  "value": 0,
                  "type": "number"
                }
              },
              {
                "type": "get_attr",
                "value": "secret"
              }
            ]
          ],
          "identity_schema_version": 0,
          "private": "eyJzY2hlbWFfdmVyc2lvbiI6IjIifQ==",
          "dependencies": [
            "confluent_api_key.admin_kafka",
            "confluent_environment.egg_economy",
            "confluent_kafka_cluster.main",
            "confluent_role_binding.admin_cluster",
            "confluent_service_account.admin",
            "confluent_service_account.lambda"
          ]
        }
      ]
    },
    {
      "mode": "managed",
      "type": "confluent_kafka_acl",
      "name": "lambda_topic_describe_configs",
      "provider": "provider[\"registry.terraform.io/confluentinc/confluent\"]",
      "instances": [
        {
          "schema_version": 2,
          "attributes": {
            "credentials": [
              {
                "key": "TLLAANYUNRWA6CKJ",
                "secret": "cfltC6dPymcfZVUBhkzuJNuSXpFvfdS05IJE+IeyN2fIXg1m7ueMwt1NjRLKiz5A"
              }
            ],
            "host": "*",
            "id": "lkc-73y6xw/TOPIC#*#LITERAL#User:sa-gqr8zo1#*#DESCRIBE_CONFIGS#ALLOW",
            "kafka_cluster": [
              {
                "id": "lkc-73y6xw"
              }
            ],
            "operation": "DESCRIBE_CONFIGS",
            "pattern_type": "LITERAL",
            "permission": "ALLOW",
            "principal": "User:sa-gqr8zo1",
            "resource_name": "*",
            "resource_type": "TOPIC",
            "rest_endpoint": "https://pkc-oxqxx9.us-east-1.aws.confluent.cloud:443"
          },
          "sensitive_attributes": [
            [
              {
                "type": "get_attr",
                "value": "credentials"
              },
              {
                "type": "index",
                "value": {
                  "value": 0,
                  "type": "number"
                }
              },
              {
                "type": "get_attr",
                "value": "key"
              }
            ],
            [
              {
                "type": "get_attr",
                "value": "credentials"
              },
              {
                "type": "index",
                "value": {
                  "value": 0,
                  "type": "number"
                }
              },
              {
                "type": "get_attr",
                "value": "secret"
              }
            ]
          ],
          "identity_schema_version": 0,
          "private": "eyJzY2hlbWFfdmVyc2lvbiI6IjIifQ==",
          "dependencies": [
            "confluent_api_key.admin_kafka",
            "confluent_environment.egg_economy",
            "confluent_kafka_cluster.main",
            "confluent_role_binding.admin_cluster",
            "confluent_service_account.admin",
            "confluent_service_account.lambda"
          ]
        }
      ]
    },
    {
      "mode": "managed",
      "type": "confluent_kafka_acl",
      "name": "lambda_topic_read",
      "provider": "provider[\"registry.terraform.io/confluentinc/confluent\"]",
      "instances": [
        {
          "schema_version": 2,
          "attributes": {
            "credentials": [
              {
                "key": "TLLAANYUNRWA6CKJ",
                "secret": "cfltC6dPymcfZVUBhkzuJNuSXpFvfdS05IJE+IeyN2fIXg1m7ueMwt1NjRLKiz5A"
              }
            ],
            "host": "*",
            "id": "lkc-73y6xw/TOPIC#*#LITERAL#User:sa-gqr8zo1#*#READ#ALLOW",
            "kafka_cluster": [
              {
                "id": "lkc-73y6xw"
              }
            ],
            "operation": "READ",
            "pattern_type": "LITERAL",
            "permission": "ALLOW",
            "principal": "User:sa-gqr8zo1",
            "resource_name": "*",
            "resource_type": "TOPIC",
            "rest_endpoint": "https://pkc-oxqxx9.us-east-1.aws.confluent.cloud:443"
          },
          "sensitive_attributes": [
            [
              {
                "type": "get_attr",
                "value": "credentials"
              },
              {
                "type": "index",
                "value": {
                  "value": 0,
                  "type": "number"
                }
              },
              {
                "type": "get_attr",
                "value": "key"
              }
            ],
            [
              {
                "type": "get_attr",
                "value": "credentials"
              },
              {
                "type": "index",
                "value": {
                  "value": 0,
                  "type": "number"
                }
              },
              {
                "type": "get_attr",
                "value": "secret"
              }
            ]
          ],
          "identity_schema_version": 0,
          "private": "eyJzY2hlbWFfdmVyc2lvbiI6IjIifQ==",
          "dependencies": [
            "confluent_api_key.admin_kafka",
            "confluent_environment.egg_economy",
            "confluent_kafka_cluster.main",
            "confluent_role_binding.admin_cluster",
            "confluent_service_account.admin",
            "confluent_service_account.lambda"
          ]
        }
      ]
    },
    {
      "mode": "managed",
      "type": "confluent_kafka_acl",
      "name": "lambda_topic_write",
      "provider": "provider[\"registry.terraform.io/confluentinc/confluent\"]",
      "instances": [
        {
          "schema_version": 2,
          "attributes": {
            "credentials": [
              {
                "key": "TLLAANYUNRWA6CKJ",
                "secret": "cfltC6dPymcfZVUBhkzuJNuSXpFvfdS05IJE+IeyN2fIXg1m7ueMwt1NjRLKiz5A"
              }
            ],
            "host": "*",
            "id": "lkc-73y6xw/TOPIC#*#LITERAL#User:sa-gqr8zo1#*#WRITE#ALLOW",
            "kafka_cluster": [
              {
                "id": "lkc-73y6xw"
              }
            ],
            "operation": "WRITE",
            "pattern_type": "LITERAL",
            "permission": "ALLOW",
            "principal": "User:sa-gqr8zo1",
            "resource_name": "*",
            "resource_type": "TOPIC",
            "rest_endpoint": "https://pkc-oxqxx9.us-east-1.aws.confluent.cloud:443"
          },
          "sensitive_attributes": [
            [
              {
                "type": "get_attr",
                "value": "credentials"
              },
              {
                "type": "index",
                "value": {
                  "value": 0,
                  "type": "number"
                }
              },
              {
                "type": "get_attr",
                "value": "key"
              }
            ],
            [
              {
                "type": "get_attr",
                "value": "credentials"
              },
              {
                "type": "index",
                "value": {
                  "value": 0,
                  "type": "number"
                }
              },
              {
                "type": "get_attr",
                "value": "secret"
              }
            ]
          ],
          "identity_schema_version": 0,
          "private": "eyJzY2hlbWFfdmVyc2lvbiI6IjIifQ==",
          "dependencies": [
            "confluent_api_key.admin_kafka",
            "confluent_environment.egg_economy",
            "confluent_kafka_cluster.main",
            "confluent_role_binding.admin_cluster",
            "confluent_service_account.admin",
            "confluent_service_account.lambda"
          ]
        }
      ]
    },
    {
      "mode": "managed",
      "type": "confluent_kafka_acl",
      "name": "lambda_txn_describe",
      "provider": "provider[\"registry.terraform.io/confluentinc/confluent\"]",
      "instances": [
        {
          "schema_version": 2,
          "attributes": {
            "credentials": [
              {
                "key": "TLLAANYUNRWA6CKJ",
                "secret": "cfltC6dPymcfZVUBhkzuJNuSXpFvfdS05IJE+IeyN2fIXg1m7ueMwt1NjRLKiz5A"
              }
            ],
            "host": "*",
            "id": "lkc-73y6xw/TRANSACTIONAL_ID#*#LITERAL#User:sa-gqr8zo1#*#DESCRIBE#ALLOW",
            "kafka_cluster": [
              {
                "id": "lkc-73y6xw"
              }
            ],
            "operation": "DESCRIBE",
            "pattern_type": "LITERAL",
            "permission": "ALLOW",
            "principal": "User:sa-gqr8zo1",
            "resource_name": "*",
            "resource_type": "TRANSACTIONAL_ID",
            "rest_endpoint": "https://pkc-oxqxx9.us-east-1.aws.confluent.cloud:443"
          },
          "sensitive_attributes": [
            [
              {
                "type": "get_attr",
                "value": "credentials"
              },
              {
                "type": "index",
                "value": {
                  "value": 0,
                  "type": "number"
                }
              },
              {
                "type": "get_attr",
                "value": "key"
              }
            ],
            [
              {
                "type": "get_attr",
                "value": "credentials"
              },
              {
                "type": "index",
                "value": {
                  "value": 0,
                  "type": "number"
                }
              },
              {
                "type": "get_attr",
                "value": "secret"
              }
            ]
          ],
          "identity_schema_version": 0,
          "private": "eyJzY2hlbWFfdmVyc2lvbiI6IjIifQ==",
          "dependencies": [
            "confluent_api_key.admin_kafka",
            "confluent_environment.egg_economy",
            "confluent_kafka_cluster.main",
            "confluent_role_binding.admin_cluster",
            "confluent_service_account.admin",
            "confluent_service_account.lambda"
          ]
        }
      ]
    },
    {
      "mode": "managed",
      "type": "confluent_kafka_acl",
      "name": "lambda_txn_write",
      "provider": "provider[\"registry.terraform.io/confluentinc/confluent\"]",
      "instances": [
        {
          "schema_version": 2,
          "attributes": {
            "credentials": [
              {
                "key": "TLLAANYUNRWA6CKJ",
                "secret": "cfltC6dPymcfZVUBhkzuJNuSXpFvfdS05IJE+IeyN2fIXg1m7ueMwt1NjRLKiz5A"
              }
            ],
            "host": "*",
            "id": "lkc-73y6xw/TRANSACTIONAL_ID#*#LITERAL#User:sa-gqr8zo1#*#WRITE#ALLOW",
            "kafka_cluster": [
              {
                "id": "lkc-73y6xw"
              }
            ],
            "operation": "WRITE",
            "pattern_type": "LITERAL",
            "permission": "ALLOW",
            "principal": "User:sa-gqr8zo1",
            "resource_name": "*",
            "resource_type": "TRANSACTIONAL_ID",
            "rest_endpoint": "https://pkc-oxqxx9.us-east-1.aws.confluent.cloud:443"
          },
          "sensitive_attributes": [
            [
              {
                "type": "get_attr",
                "value": "credentials"
              },
              {
                "type": "index",
                "value": {
                  "value": 0,
                  "type": "number"
                }
              },
              {
                "type": "get_attr",
                "value": "key"
              }
            ],
            [
              {
                "type": "get_attr",
                "value": "credentials"
              },
              {
                "type": "index",
                "value": {
                  "value": 0,
                  "type": "number"
                }
              },
              {
                "type": "get_attr",
                "value": "secret"
              }
            ]
          ],
          "identity_schema_version": 0,
          "private": "eyJzY2hlbWFfdmVyc2lvbiI6IjIifQ==",
          "dependencies": [
            "confluent_api_key.admin_kafka",
            "confluent_environment.egg_economy",
            "confluent_kafka_cluster.main",
            "confluent_role_binding.admin_cluster",
            "confluent_service_account.admin",
            "confluent_service_account.lambda"
          ]
        }
      ]
    },
    {
      "mode": "managed",
      "type": "confluent_kafka_cluster",
      "name": "main",
      "provider": "provider[\"registry.terraform.io/confluentinc/confluent\"]",
      "instances": [
        {
          "schema_version": 1,
          "attributes": {
            "api_version": "cmk/v2",
            "availability": "SINGLE_ZONE",
            "basic": [],
            "bootstrap_endpoint": "SASL_SSL://pkc-oxqxx9.us-east-1.aws.confluent.cloud:9092",
            "byok_key": [
              {
                "id": ""
              }
            ],
            "cloud": "AWS",
            "dedicated": [],
            "display_name": "egg-economy",
            "endpoints": [],
            "enterprise": [],
            "environment": [
              {
                "id": "env-m6g83x"
              }
            ],
            "freight": [],
            "id": "lkc-73y6xw",
            "kind": "Cluster",
            "network": [
              {
                "id": ""
              }
            ],
            "rbac_crn": "crn://confluent.cloud/organization=b5c46d0b-84d0-45c0-9037-992167e45630/environment=env-m6g83x/cloud-cluster=lkc-73y6xw",
            "region": "us-east-1",
            "rest_endpoint": "https://pkc-oxqxx9.us-east-1.aws.confluent.cloud:443",
            "standard": [
              {
                "max_ecku": 0
              }
            ],
            "timeouts": null
          },
          "sensitive_attributes": [],
          "identity_schema_version": 0,
          "private": "eyJlMmJmYjczMC1lY2FhLTExZTYtOGY4OC0zNDM2M2JjN2M0YzAiOnsiY3JlYXRlIjoyNTkyMDAwMDAwMDAwMDAsInVwZGF0ZSI6MjU5MjAwMDAwMDAwMDAwfSwic2NoZW1hX3ZlcnNpb24iOiIxIn0=",
          "dependencies": [
            "confluent_environment.egg_economy"
          ]
        }
      ]
    },
    {
      "mode": "managed",
      "type": "confluent_kafka_topic",
      "name": "entities",
      "provider": "provider[\"registry.terraform.io/confluentinc/confluent\"]",
      "instances": [
        {
          "index_key": "consumer",
          "schema_version": 2,
          "attributes": {
            "config": {},
            "credentials": [
              {
                "key": "TLLAANYUNRWA6CKJ",
                "secret": "cfltC6dPymcfZVUBhkzuJNuSXpFvfdS05IJE+IeyN2fIXg1m7ueMwt1NjRLKiz5A"
              }
            ],
            "id": "lkc-73y6xw/consumer",
            "kafka_cluster": [
              {
                "id": "lkc-73y6xw"
              }
            ],
            "partitions_count": 6,
            "rest_endpoint": "https://pkc-oxqxx9.us-east-1.aws.confluent.cloud:443",
            "topic_name": "consumer"
          },
          "sensitive_attributes": [
            [
              {
                "type": "get_attr",
                "value": "credentials"
              },
              {
                "type": "index",
                "value": {
                  "value": 0,
                  "type": "number"
                }
              },
              {
                "type": "get_attr",
                "value": "key"
              }
            ],
            [
              {
                "type": "get_attr",
                "value": "credentials"
              },
              {
                "type": "index",
                "value": {
                  "value": 0,
                  "type": "number"
                }
              },
              {
                "type": "get_attr",
                "value": "secret"
              }
            ]
          ],
          "identity_schema_version": 0,
          "private": "eyJzY2hlbWFfdmVyc2lvbiI6IjIifQ==",
          "dependencies": [
            "confluent_api_key.admin_kafka",
            "confluent_environment.egg_economy",
            "confluent_kafka_cluster.main",
            "confluent_role_binding.admin_cluster",
            "confluent_service_account.admin"
          ]
        },
        {
          "index_key": "consumption_report",
          "schema_version": 2,
          "attributes": {
            "config": {},
            "credentials": [
              {
                "key": "TLLAANYUNRWA6CKJ",
                "secret": "cfltC6dPymcfZVUBhkzuJNuSXpFvfdS05IJE+IeyN2fIXg1m7ueMwt1NjRLKiz5A"
              }
            ],
            "id": "lkc-73y6xw/consumption_report",
            "kafka_cluster": [
              {
                "id": "lkc-73y6xw"
              }
            ],
            "partitions_count": 6,
            "rest_endpoint": "https://pkc-oxqxx9.us-east-1.aws.confluent.cloud:443",
            "topic_name": "consumption_report"
          },
          "sensitive_attributes": [
            [
              {
                "type": "get_attr",
                "value": "credentials"
              },
              {
                "type": "index",
                "value": {
                  "value": 0,
                  "type": "number"
                }
              },
              {
                "type": "get_attr",
                "value": "key"
              }
            ],
            [
              {
                "type": "get_attr",
                "value": "credentials"
              },
              {
                "type": "index",
                "value": {
                  "value": 0,
                  "type": "number"
                }
              },
              {
                "type": "get_attr",
                "value": "secret"
              }
            ]
          ],
          "identity_schema_version": 0,
          "private": "eyJzY2hlbWFfdmVyc2lvbiI6IjIifQ==",
          "dependencies": [
            "confluent_api_key.admin_kafka",
            "confluent_environment.egg_economy",
            "confluent_kafka_cluster.main",
            "confluent_role_binding.admin_cluster",
            "confluent_service_account.admin"
          ]
        },
        {
          "index_key": "container",
          "schema_version": 2,
          "attributes": {
            "config": {},
            "credentials": [
              {
                "key": "TLLAANYUNRWA6CKJ",
                "secret": "cfltC6dPymcfZVUBhkzuJNuSXpFvfdS05IJE+IeyN2fIXg1m7ueMwt1NjRLKiz5A"
              }
            ],
            "id": "lkc-73y6xw/container",
            "kafka_cluster": [
              {
                "id": "lkc-73y6xw"
              }
            ],
            "partitions_count": 6,
            "rest_endpoint": "https://pkc-oxqxx9.us-east-1.aws.confluent.cloud:443",
            "topic_name": "container"
          },
          "sensitive_attributes": [
            [
              {
                "type": "get_attr",
                "value": "credentials"
              },
              {
                "type": "index",
                "value": {
                  "value": 0,
                  "type": "number"
                }
              },
              {
                "type": "get_attr",
                "value": "key"
              }
            ],
            [
              {
                "type": "get_attr",
                "value": "credentials"
              },
              {
                "type": "index",
                "value": {
                  "value": 0,
                  "type": "number"
                }
              },
              {
                "type": "get_attr",
                "value": "secret"
              }
            ]
          ],
          "identity_schema_version": 0,
          "private": "eyJzY2hlbWFfdmVyc2lvbiI6IjIifQ==",
          "dependencies": [
            "confluent_api_key.admin_kafka",
            "confluent_environment.egg_economy",
            "confluent_kafka_cluster.main",
            "confluent_role_binding.admin_cluster",
            "confluent_service_account.admin"
          ]
        },
        {
          "index_key": "container_inventory",
          "schema_version": 2,
          "attributes": {
            "config": {},
            "credentials": [
              {
                "key": "TLLAANYUNRWA6CKJ",
                "secret": "cfltC6dPymcfZVUBhkzuJNuSXpFvfdS05IJE+IeyN2fIXg1m7ueMwt1NjRLKiz5A"
              }
            ],
            "id": "lkc-73y6xw/container_inventory",
            "kafka_cluster": [
              {
                "id": "lkc-73y6xw"
              }
            ],
            "partitions_count": 6,
            "rest_endpoint": "https://pkc-oxqxx9.us-east-1.aws.confluent.cloud:443",
            "topic_name": "container_inventory"
          },
          "sensitive_attributes": [
            [
              {
                "type": "get_attr",
                "value": "credentials"
              },
              {
                "type": "index",
                "value": {
                  "value": 0,
                  "type": "number"
                }
              },
              {
                "type": "get_attr",
                "value": "key"
              }
            ],
            [
              {
                "type": "get_attr",
                "value": "credentials"
              },
              {
                "type": "index",
                "value": {
                  "value": 0,
                  "type": "number"
                }
              },
              {
                "type": "get_attr",
                "value": "secret"
              }
            ]
          ],
          "identity_schema_version": 0,
          "private": "eyJzY2hlbWFfdmVyc2lvbiI6IjIifQ==",
          "dependencies": [
            "confluent_api_key.admin_kafka",
            "confluent_environment.egg_economy",
            "confluent_kafka_cluster.main",
            "confluent_role_binding.admin_cluster",
            "confluent_service_account.admin"
          ]
        },
        {
          "index_key": "container_transfer",
          "schema_version": 2,
          "attributes": {
            "config": {},
            "credentials": [
              {
                "key": "TLLAANYUNRWA6CKJ",
                "secret": "cfltC6dPymcfZVUBhkzuJNuSXpFvfdS05IJE+IeyN2fIXg1m7ueMwt1NjRLKiz5A"
              }
            ],
            "id": "lkc-73y6xw/container_transfer",
            "kafka_cluster": [
              {
                "id": "lkc-73y6xw"
              }
            ],
            "partitions_count": 6,
            "rest_endpoint": "https://pkc-oxqxx9.us-east-1.aws.confluent.cloud:443",
            "topic_name": "container_transfer"
          },
          "sensitive_attributes": [
            [
              {
                "type": "get_attr",
                "value": "credentials"
              },
              {
                "type": "index",
                "value": {
                  "value": 0,
                  "type": "number"
                }
              },
              {
                "type": "get_attr",
                "value": "key"
              }
            ],
            [
              {
                "type": "get_attr",
                "value": "credentials"
              },
              {
                "type": "index",
                "value": {
                  "value": 0,
                  "type": "number"
                }
              },
              {
                "type": "get_attr",
                "value": "secret"
              }
            ]
          ],
          "identity_schema_version": 0,
          "private": "eyJzY2hlbWFfdmVyc2lvbiI6IjIifQ==",
          "dependencies": [
            "confluent_api_key.admin_kafka",
            "confluent_environment.egg_economy",
            "confluent_kafka_cluster.main",
            "confluent_role_binding.admin_cluster",
            "confluent_service_account.admin"
          ]
        },
        {
          "index_key": "coop",
          "schema_version": 2,
          "attributes": {
            "config": {},
            "credentials": [
              {
                "key": "TLLAANYUNRWA6CKJ",
                "secret": "cfltC6dPymcfZVUBhkzuJNuSXpFvfdS05IJE+IeyN2fIXg1m7ueMwt1NjRLKiz5A"
              }
            ],
            "id": "lkc-73y6xw/coop",
            "kafka_cluster": [
              {
                "id": "lkc-73y6xw"
              }
            ],
            "partitions_count": 6,
            "rest_endpoint": "https://pkc-oxqxx9.us-east-1.aws.confluent.cloud:443",
            "topic_name": "coop"
          },
          "sensitive_attributes": [
            [
              {
                "type": "get_attr",
                "value": "credentials"
              },
              {
                "type": "index",
                "value": {
                  "value": 0,
                  "type": "number"
                }
              },
              {
                "type": "get_attr",
                "value": "key"
              }
            ],
            [
              {
                "type": "get_attr",
                "value": "credentials"
              },
              {
                "type": "index",
                "value": {
                  "value": 0,
                  "type": "number"
                }
              },
              {
                "type": "get_attr",
                "value": "secret"
              }
            ]
          ],
          "identity_schema_version": 0,
          "private": "eyJzY2hlbWFfdmVyc2lvbiI6IjIifQ==",
          "dependencies": [
            "confluent_api_key.admin_kafka",
            "confluent_environment.egg_economy",
            "confluent_kafka_cluster.main",
            "confluent_role_binding.admin_cluster",
            "confluent_service_account.admin"
          ]
        },
        {
          "index_key": "farm",
          "schema_version": 2,
          "attributes": {
            "config": {},
            "credentials": [
              {
                "key": "TLLAANYUNRWA6CKJ",
                "secret": "cfltC6dPymcfZVUBhkzuJNuSXpFvfdS05IJE+IeyN2fIXg1m7ueMwt1NjRLKiz5A"
              }
            ],
            "id": "lkc-73y6xw/farm",
            "kafka_cluster": [
              {
                "id": "lkc-73y6xw"
              }
            ],
            "partitions_count": 6,
            "rest_endpoint": "https://pkc-oxqxx9.us-east-1.aws.confluent.cloud:443",
            "topic_name": "farm"
          },
          "sensitive_attributes": [
            [
              {
                "type": "get_attr",
                "value": "credentials"
              },
              {
                "type": "index",
                "value": {
                  "value": 0,
                  "type": "number"
                }
              },
              {
                "type": "get_attr",
                "value": "key"
              }
            ],
            [
              {
                "type": "get_attr",
                "value": "credentials"
              },
              {
                "type": "index",
                "value": {
                  "value": 0,
                  "type": "number"
                }
              },
              {
                "type": "get_attr",
                "value": "secret"
              }
            ]
          ],
          "identity_schema_version": 0,
          "private": "eyJzY2hlbWFfdmVyc2lvbiI6IjIifQ==",
          "dependencies": [
            "confluent_api_key.admin_kafka",
            "confluent_environment.egg_economy",
            "confluent_kafka_cluster.main",
            "confluent_role_binding.admin_cluster",
            "confluent_service_account.admin"
          ]
        },
        {
          "index_key": "farm_output",
          "schema_version": 2,
          "attributes": {
            "config": {},
            "credentials": [
              {
                "key": "TLLAANYUNRWA6CKJ",
                "secret": "cfltC6dPymcfZVUBhkzuJNuSXpFvfdS05IJE+IeyN2fIXg1m7ueMwt1NjRLKiz5A"
              }
            ],
            "id": "lkc-73y6xw/farm_output",
            "kafka_cluster": [
              {
                "id": "lkc-73y6xw"
              }
            ],
            "partitions_count": 6,
            "rest_endpoint": "https://pkc-oxqxx9.us-east-1.aws.confluent.cloud:443",
            "topic_name": "farm_output"
          },
          "sensitive_attributes": [
            [
              {
                "type": "get_attr",
                "value": "credentials"
              },
              {
                "type": "index",
                "value": {
                  "value": 0,
                  "type": "number"
                }
              },
              {
                "type": "get_attr",
                "value": "key"
              }
            ],
            [
              {
                "type": "get_attr",
                "value": "credentials"
              },
              {
                "type": "index",
                "value": {
                  "value": 0,
                  "type": "number"
                }
              },
              {
                "type": "get_attr",
                "value": "secret"
              }
            ]
          ],
          "identity_schema_version": 0,
          "private": "eyJzY2hlbWFfdmVyc2lvbiI6IjIifQ==",
          "dependencies": [
            "confluent_api_key.admin_kafka",
            "confluent_environment.egg_economy",
            "confluent_kafka_cluster.main",
            "confluent_role_binding.admin_cluster",
            "confluent_service_account.admin"
          ]
        },
        {
          "index_key": "hen",
          "schema_version": 2,
          "attributes": {
            "config": {},
            "credentials": [
              {
                "key": "TLLAANYUNRWA6CKJ",
                "secret": "cfltC6dPymcfZVUBhkzuJNuSXpFvfdS05IJE+IeyN2fIXg1m7ueMwt1NjRLKiz5A"
              }
            ],
            "id": "lkc-73y6xw/hen",
            "kafka_cluster": [
              {
                "id": "lkc-73y6xw"
              }
            ],
            "partitions_count": 6,
            "rest_endpoint": "https://pkc-oxqxx9.us-east-1.aws.confluent.cloud:443",
            "topic_name": "hen"
          },
          "sensitive_attributes": [
            [
              {
                "type": "get_attr",
                "value": "credentials"
              },
              {
                "type": "index",
                "value": {
                  "value": 0,
                  "type": "number"
                }
              },
              {
                "type": "get_attr",
                "value": "key"
              }
            ],
            [
              {
                "type": "get_attr",
                "value": "credentials"
              },
              {
                "type": "index",
                "value": {
                  "value": 0,
                  "type": "number"
                }
              },
              {
                "type": "get_attr",
                "value": "secret"
              }
            ]
          ],
          "identity_schema_version": 0,
          "private": "eyJzY2hlbWFfdmVyc2lvbiI6IjIifQ==",
          "dependencies": [
            "confluent_api_key.admin_kafka",
            "confluent_environment.egg_economy",
            "confluent_kafka_cluster.main",
            "confluent_role_binding.admin_cluster",
            "confluent_service_account.admin"
          ]
        },
        {
          "index_key": "hen_productivity",
          "schema_version": 2,
          "attributes": {
            "config": {},
            "credentials": [
              {
                "key": "TLLAANYUNRWA6CKJ",
                "secret": "cfltC6dPymcfZVUBhkzuJNuSXpFvfdS05IJE+IeyN2fIXg1m7ueMwt1NjRLKiz5A"
              }
            ],
            "id": "lkc-73y6xw/hen_productivity",
            "kafka_cluster": [
              {
                "id": "lkc-73y6xw"
              }
            ],
            "partitions_count": 6,
            "rest_endpoint": "https://pkc-oxqxx9.us-east-1.aws.confluent.cloud:443",
            "topic_name": "hen_productivity"
          },
          "sensitive_attributes": [
            [
              {
                "type": "get_attr",
                "value": "credentials"
              },
              {
                "type": "index",
                "value": {
                  "value": 0,
                  "type": "number"
                }
              },
              {
                "type": "get_attr",
                "value": "key"
              }
            ],
            [
              {
                "type": "get_attr",
                "value": "credentials"
              },
              {
                "type": "index",
                "value": {
                  "value": 0,
                  "type": "number"
                }
              },
              {
                "type": "get_attr",
                "value": "secret"
              }
            ]
          ],
          "identity_schema_version": 0,
          "private": "eyJzY2hlbWFfdmVyc2lvbiI6IjIifQ==",
          "dependencies": [
            "confluent_api_key.admin_kafka",
            "confluent_environment.egg_economy",
            "confluent_kafka_cluster.main",
            "confluent_role_binding.admin_cluster",
            "confluent_service_account.admin"
          ]
        },
        {
          "index_key": "lay_report",
          "schema_version": 2,
          "attributes": {
            "config": {},
            "credentials": [
              {
                "key": "TLLAANYUNRWA6CKJ",
                "secret": "cfltC6dPymcfZVUBhkzuJNuSXpFvfdS05IJE+IeyN2fIXg1m7ueMwt1NjRLKiz5A"
              }
            ],
            "id": "lkc-73y6xw/lay_report",
            "kafka_cluster": [
              {
                "id": "lkc-73y6xw"
              }
            ],
            "partitions_count": 6,
            "rest_endpoint": "https://pkc-oxqxx9.us-east-1.aws.confluent.cloud:443",
            "topic_name": "lay_report"
          },
          "sensitive_attributes": [
            [
              {
                "type": "get_attr",
                "value": "credentials"
              },
              {
                "type": "index",
                "value": {
                  "value": 0,
                  "type": "number"
                }
              },
              {
                "type": "get_attr",
                "value": "key"
              }
            ],
            [
              {
                "type": "get_attr",
                "value": "credentials"
              },
              {
                "type": "index",
                "value": {
                  "value": 0,
                  "type": "number"
                }
              },
              {
                "type": "get_attr",
                "value": "secret"
              }
            ]
          ],
          "identity_schema_version": 0,
          "private": "eyJzY2hlbWFfdmVyc2lvbiI6IjIifQ==",
          "dependencies": [
            "confluent_api_key.admin_kafka",
            "confluent_environment.egg_economy",
            "confluent_kafka_cluster.main",
            "confluent_role_binding.admin_cluster",
            "confluent_service_account.admin"
          ]
        },
        {
          "index_key": "storage_deposit",
          "schema_version": 2,
          "attributes": {
            "config": {},
            "credentials": [
              {
                "key": "TLLAANYUNRWA6CKJ",
                "secret": "cfltC6dPymcfZVUBhkzuJNuSXpFvfdS05IJE+IeyN2fIXg1m7ueMwt1NjRLKiz5A"
              }
            ],
            "id": "lkc-73y6xw/storage_deposit",
            "kafka_cluster": [
              {
                "id": "lkc-73y6xw"
              }
            ],
            "partitions_count": 6,
            "rest_endpoint": "https://pkc-oxqxx9.us-east-1.aws.confluent.cloud:443",
            "topic_name": "storage_deposit"
          },
          "sensitive_attributes": [
            [
              {
                "type": "get_attr",
                "value": "credentials"
              },
              {
                "type": "index",
                "value": {
                  "value": 0,
                  "type": "number"
                }
              },
              {
                "type": "get_attr",
                "value": "key"
              }
            ],
            [
              {
                "type": "get_attr",
                "value": "credentials"
              },
              {
                "type": "index",
                "value": {
                  "value": 0,
                  "type": "number"
                }
              },
              {
                "type": "get_attr",
                "value": "secret"
              }
            ]
          ],
          "identity_schema_version": 0,
          "private": "eyJzY2hlbWFfdmVyc2lvbiI6IjIifQ==",
          "dependencies": [
            "confluent_api_key.admin_kafka",
            "confluent_environment.egg_economy",
            "confluent_kafka_cluster.main",
            "confluent_role_binding.admin_cluster",
            "confluent_service_account.admin"
          ]
        },
        {
          "index_key": "storage_withdrawal",
          "schema_version": 2,
          "attributes": {
            "config": {},
            "credentials": [
              {
                "key": "TLLAANYUNRWA6CKJ",
                "secret": "cfltC6dPymcfZVUBhkzuJNuSXpFvfdS05IJE+IeyN2fIXg1m7ueMwt1NjRLKiz5A"
              }
            ],
            "id": "lkc-73y6xw/storage_withdrawal",
            "kafka_cluster": [
              {
                "id": "lkc-73y6xw"
              }
            ],
            "partitions_count": 6,
            "rest_endpoint": "https://pkc-oxqxx9.us-east-1.aws.confluent.cloud:443",
            "topic_name": "storage_withdrawal"
          },
          "sensitive_attributes": [
            [
              {
                "type": "get_attr",
                "value": "credentials"
              },
              {
                "type": "index",
                "value": {
                  "value": 0,
                  "type": "number"
                }
              },
              {
                "type": "get_attr",
                "value": "key"
              }
            ],
            [
              {
                "type": "get_attr",
                "value": "credentials"
              },
              {
                "type": "index",
                "value": {
                  "value": 0,
                  "type": "number"
                }
              },
              {
                "type": "get_attr",
                "value": "secret"
              }
            ]
          ],
          "identity_schema_version": 0,
          "private": "eyJzY2hlbWFfdmVyc2lvbiI6IjIifQ==",
          "dependencies": [
            "confluent_api_key.admin_kafka",
            "confluent_environment.egg_economy",
            "confluent_kafka_cluster.main",
            "confluent_role_binding.admin_cluster",
            "confluent_service_account.admin"
          ]
        }
      ]
    },
    {
      "mode": "managed",
      "type": "confluent_ksql_cluster",
      "name": "main",
      "provider": "provider[\"registry.terraform.io/confluentinc/confluent\"]",
      "instances": [
        {
          "schema_version": 0,
          "attributes": {
            "api_version": "ksqldbcm/v2",
            "credential_identity": [
              {
                "id": "sa-gqr8zo1"
              }
            ],
            "csu": 4,
            "display_name": "egg-economy-ksql",
            "environment": [
              {
                "id": "env-m6g83x"
              }
            ],
            "id": "lksqlc-x1qqk1",
            "kafka_cluster": [
              {
                "id": "lkc-73y6xw"
              }
            ],
            "kind": "Cluster",
            "resource_name": "crn://confluent.cloud/organization=b5c46d0b-84d0-45c0-9037-992167e45630/environment=env-m6g83x/cloud-cluster=lkc-73y6xw/ksql=egg-economy-ksql",
            "rest_endpoint": "https://pksqlc-8gq587.us-east-1.aws.confluent.cloud:443",
            "storage": 500,
            "timeouts": null,
            "topic_prefix": "pksqlc-8gq587",
            "use_detailed_processing_log": true
          },
          "sensitive_attributes": [],
          "identity_schema_version": 0,
          "private": "eyJlMmJmYjczMC1lY2FhLTExZTYtOGY4OC0zNDM2M2JjN2M0YzAiOnsiY3JlYXRlIjo0MzIwMDAwMDAwMDAwMH19",
          "dependencies": [
            "confluent_api_key.admin_kafka",
            "confluent_environment.egg_economy",
            "confluent_kafka_acl.lambda_cluster_create",
            "confluent_kafka_acl.lambda_cluster_describe",
            "confluent_kafka_acl.lambda_cluster_describe_configs",
            "confluent_kafka_acl.lambda_group_describe",
            "confluent_kafka_acl.lambda_group_read",
            "confluent_kafka_acl.lambda_topic_create",
            "confluent_kafka_acl.lambda_topic_describe",
            "confluent_kafka_acl.lambda_topic_describe_configs",
            "confluent_kafka_acl.lambda_topic_read",
            "confluent_kafka_acl.lambda_topic_write",
            "confluent_kafka_acl.lambda_txn_describe",
            "confluent_kafka_acl.lambda_txn_write",
            "confluent_kafka_cluster.main",
            "confluent_role_binding.admin_cluster",
            "confluent_service_account.admin",
            "confluent_service_account.lambda"
          ]
        }
      ]
    },
    {
      "mode": "managed",
      "type": "confluent_role_binding",
      "name": "admin_cluster",
      "provider": "provider[\"registry.terraform.io/confluentinc/confluent\"]",
      "instances": [
        {
          "schema_version": 0,
          "attributes": {
            "crn_pattern": "crn://confluent.cloud/organization=b5c46d0b-84d0-45c0-9037-992167e45630/environment=env-m6g83x/cloud-cluster=lkc-73y6xw",
            "disable_wait_for_ready": false,
            "id": "rb-9mobV6",
            "principal": "User:sa-0x2vnn2",
            "role_name": "CloudClusterAdmin"
          },
          "sensitive_attributes": [],
          "identity_schema_version": 0,
          "private": "bnVsbA==",
          "dependencies": [
            "confluent_environment.egg_economy",
            "confluent_kafka_cluster.main",
            "confluent_service_account.admin"
          ]
        }
      ]
    },
    {
      "mode": "managed",
      "type": "confluent_service_account",
      "name": "admin",
      "provider": "provider[\"registry.terraform.io/confluentinc/confluent\"]",
      "instances": [
        {
          "schema_version": 0,
          "attributes": {
            "api_version": "iam/v2",
            "description": "Admin service account for Terraform topic/ACL management",
            "display_name": "egg-economy-admin",
            "id": "sa-0x2vnn2",
            "kind": "ServiceAccount"
          },
          "sensitive_attributes": [],
          "identity_schema_version": 0,
          "private": "bnVsbA=="
        }
      ]
    },
    {
      "mode": "managed",
      "type": "confluent_service_account",
      "name": "lambda",
      "provider": "provider[\"registry.terraform.io/confluentinc/confluent\"]",
      "instances": [
        {
          "schema_version": 0,
          "attributes": {
            "api_version": "iam/v2",
            "description": "Service account for egg-economy-ksql Lambda function",
            "display_name": "egg-economy-lambda",
            "id": "sa-gqr8zo1",
            "kind": "ServiceAccount"
          },
          "sensitive_attributes": [],
          "identity_schema_version": 0,
          "private": "bnVsbA=="
        }
      ]
    }
  ],
  "check_results": null
}
